
Microsoft Visual Studio Solution File, Format Version 12.00
# Visual Studio Version 16
VisualStudioVersion = 16.0.29025.244
MinimumVisualStudioVersion = 10.0.40219.1
Project("{FAE04EC0-301F-11D3-BF4B-00C04F79EFBC}") = "OdeToFood", "OdeToFood.csproj", "{87BFB104-BF9E-441B-A750-C65268562BC0}"
EndProject
Global
	GlobalSection(SolutionConfigurationPlatforms) = preSolution
		Debug|Any CPU = Debug|Any CPU
		Release|Any CPU = Release|Any CPU
	EndGlobalSection
	GlobalSection(ProjectConfigurationPlatforms) = postSolution
		{87BFB104-BF9E-441B-A750-C65268562BC0}.Debug|Any CPU.ActiveCfg = Debug|Any CPU
		{87BFB104-BF9E-441B-A750-C65268562BC0}.Debug|Any CPU.Build.0 = Debug|Any CPU
		{87BFB104-BF9E-441B-A750-C65268562BC0}.Release|Any CPU.ActiveCfg = Release|Any CPU
		{87BFB104-BF9E-441B-A750-C65268562BC0}.Release|Any CPU.Build.0 = Release|Any CPU
	EndGlobalSection
	GlobalSection(SolutionProperties) = preSolution
		HideSolutionNode = FALSE
	EndGlobalSection
	GlobalSection(ExtensibilityGlobals) = postSolution
		SolutionGuid = {32325F71-977F-49EB-B258-2052CA62930F}
	EndGlobalSection
EndGlobal
